
Microsoft Visual Studio Solution File, Format Version 12.00
# Visual Studio Version 17
VisualStudioVersion = 17.6.33801.468
MinimumVisualStudioVersion = 10.0.40219.1
Project("{9A19103F-16F7-4668-BE54-9A1E7A4F7556}") = "ConfigTests", "ConfigTests\ConfigTests.csproj", "{D22FC70B-D404-4246-8C46-05F336D634D3}"
EndProject
Project("{9A19103F-16F7-4668-BE54-9A1E7A4F7556}") = "Config", "Config\Config.csproj", "{E5C540D2-A596-4DB7-B585-AD378589263E}"
EndProject
Project("{9A19103F-16F7-4668-BE54-9A1E7A4F7556}") = "BlazorApp2", "BlazorApp2\BlazorApp2.csproj", "{E6E6E015-5DD9-4678-BA0B-BB7EAF8BE40D}"
EndProject
Project("{9A19103F-16F7-4668-BE54-9A1E7A4F7556}") = "BlazorApp1", "BlazorApp1\BlazorApp1.csproj", "{DAA7C868-B62D-4C72-8B0E-0154A6D29C61}"
EndProject
Project("{9A19103F-16F7-4668-BE54-9A1E7A4F7556}") = "ConfigDataApp", "ConfigData\ConfigDataApp.csproj", "{881CE622-7483-4F15-8A67-35ADB16FDE7E}"
EndProject
Project("{9A19103F-16F7-4668-BE54-9A1E7A4F7556}") = "ConfigDataAppTests", "ConfigDataAppTests\ConfigDataAppTests.csproj", "{3FB77534-DB07-4DF2-B690-2B683BE48665}"
EndProject
Global
	GlobalSection(SolutionConfigurationPlatforms) = preSolution
		Debug|Any CPU = Debug|Any CPU
		Debug|ARM = Debug|ARM
		Debug|ARM64 = Debug|ARM64
		Debug|x64 = Debug|x64
		Debug|x86 = Debug|x86
		Release|Any CPU = Release|Any CPU
		Release|ARM = Release|ARM
		Release|ARM64 = Release|ARM64
		Release|x64 = Release|x64
		Release|x86 = Release|x86
	EndGlobalSection
	GlobalSection(ProjectConfigurationPlatforms) = postSolution
		{D22FC70B-D404-4246-8C46-05F336D634D3}.Debug|Any CPU.ActiveCfg = Debug|Any CPU
		{D22FC70B-D404-4246-8C46-05F336D634D3}.Debug|Any CPU.Build.0 = Debug|Any CPU
		{D22FC70B-D404-4246-8C46-05F336D634D3}.Debug|ARM.ActiveCfg = Debug|Any CPU
		{D22FC70B-D404-4246-8C46-05F336D634D3}.Debug|ARM.Build.0 = Debug|Any CPU
		{D22FC70B-D404-4246-8C46-05F336D634D3}.Debug|ARM64.ActiveCfg = Debug|Any CPU
		{D22FC70B-D404-4246-8C46-05F336D634D3}.Debug|ARM64.Build.0 = Debug|Any CPU
		{D22FC70B-D404-4246-8C46-05F336D634D3}.Debug|x64.ActiveCfg = Debug|Any CPU
		{D22FC70B-D404-4246-8C46-05F336D634D3}.Debug|x64.Build.0 = Debug|Any CPU
		{D22FC70B-D404-4246-8C46-05F336D634D3}.Debug|x86.ActiveCfg = Debug|Any CPU
		{D22FC70B-D404-4246-8C46-05F336D634D3}.Debug|x86.Build.0 = Debug|Any CPU
		{D22FC70B-D404-4246-8C46-05F336D634D3}.Release|Any CPU.ActiveCfg = Release|Any CPU
		{D22FC70B-D404-4246-8C46-05F336D634D3}.Release|Any CPU.Build.0 = Release|Any CPU
		{D22FC70B-D404-4246-8C46-05F336D634D3}.Release|ARM.ActiveCfg = Release|Any CPU
		{D22FC70B-D404-4246-8C46-05F336D634D3}.Release|ARM.Build.0 = Release|Any CPU
		{D22FC70B-D404-4246-8C46-05F336D634D3}.Release|ARM64.ActiveCfg = Release|Any CPU
		{D22FC70B-D404-4246-8C46-05F336D634D3}.Release|ARM64.Build.0 = Release|Any CPU
		{D22FC70B-D404-4246-8C46-05F336D634D3}.Release|x64.ActiveCfg = Release|Any CPU
		{D22FC70B-D404-4246-8C46-05F336D634D3}.Release|x64.Build.0 = Release|Any CPU
		{D22FC70B-D404-4246-8C46-05F336D634D3}.Release|x86.ActiveCfg = Release|Any CPU
		{D22FC70B-D404-4246-8C46-05F336D634D3}.Release|x86.Build.0 = Release|Any CPU
		{E5C540D2-A596-4DB7-B585-AD378589263E}.Debug|Any CPU.ActiveCfg = Debug|Any CPU
		{E5C540D2-A596-4DB7-B585-AD378589263E}.Debug|Any CPU.Build.0 = Debug|Any CPU
		{E5C540D2-A596-4DB7-B585-AD378589263E}.Debug|ARM.ActiveCfg = Debug|Any CPU
		{E5C540D2-A596-4DB7-B585-AD378589263E}.Debug|ARM.Build.0 = Debug|Any CPU
		{E5C540D2-A596-4DB7-B585-AD378589263E}.Debug|ARM64.ActiveCfg = Debug|Any CPU
		{E5C540D2-A596-4DB7-B585-AD378589263E}.Debug|ARM64.Build.0 = Debug|Any CPU
		{E5C540D2-A596-4DB7-B585-AD378589263E}.Debug|x64.ActiveCfg = Debug|Any CPU
		{E5C540D2-A596-4DB7-B585-AD378589263E}.Debug|x64.Build.0 = Debug|Any CPU
		{E5C540D2-A596-4DB7-B585-AD378589263E}.Debug|x86.ActiveCfg = Debug|Any CPU
		{E5C540D2-A596-4DB7-B585-AD378589263E}.Debug|x86.Build.0 = Debug|Any CPU
		{E5C540D2-A596-4DB7-B585-AD378589263E}.Release|Any CPU.ActiveCfg = Release|Any CPU
		{E5C540D2-A596-4DB7-B585-AD378589263E}.Release|Any CPU.Build.0 = Release|Any CPU
		{E5C540D2-A596-4DB7-B585-AD378589263E}.Release|ARM.ActiveCfg = Release|Any CPU
		{E5C540D2-A596-4DB7-B585-AD378589263E}.Release|ARM.Build.0 = Release|Any CPU
		{E5C540D2-A596-4DB7-B585-AD378589263E}.Release|ARM64.ActiveCfg = Release|Any CPU
		{E5C540D2-A596-4DB7-B585-AD378589263E}.Release|ARM64.Build.0 = Release|Any CPU
		{E5C540D2-A596-4DB7-B585-AD378589263E}.Release|x64.ActiveCfg = Release|Any CPU
		{E5C540D2-A596-4DB7-B585-AD378589263E}.Release|x64.Build.0 = Release|Any CPU
		{E5C540D2-A596-4DB7-B585-AD378589263E}.Release|x86.ActiveCfg = Release|Any CPU
		{E5C540D2-A596-4DB7-B585-AD378589263E}.Release|x86.Build.0 = Release|Any CPU
		{E6E6E015-5DD9-4678-BA0B-BB7EAF8BE40D}.Debug|Any CPU.ActiveCfg = Debug|Any CPU
		{E6E6E015-5DD9-4678-BA0B-BB7EAF8BE40D}.Debug|Any CPU.Build.0 = Debug|Any CPU
		{E6E6E015-5DD9-4678-BA0B-BB7EAF8BE40D}.Debug|ARM.ActiveCfg = Debug|Any CPU
		{E6E6E015-5DD9-4678-BA0B-BB7EAF8BE40D}.Debug|ARM.Build.0 = Debug|Any CPU
		{E6E6E015-5DD9-4678-BA0B-BB7EAF8BE40D}.Debug|ARM64.ActiveCfg = Debug|Any CPU
		{E6E6E015-5DD9-4678-BA0B-BB7EAF8BE40D}.Debug|ARM64.Build.0 = Debug|Any CPU
		{E6E6E015-5DD9-4678-BA0B-BB7EAF8BE40D}.Debug|x64.ActiveCfg = Debug|Any CPU
		{E6E6E015-5DD9-4678-BA0B-BB7EAF8BE40D}.Debug|x64.Build.0 = Debug|Any CPU
		{E6E6E015-5DD9-4678-BA0B-BB7EAF8BE40D}.Debug|x86.ActiveCfg = Debug|Any CPU
		{E6E6E015-5DD9-4678-BA0B-BB7EAF8BE40D}.Debug|x86.Build.0 = Debug|Any CPU
		{E6E6E015-5DD9-4678-BA0B-BB7EAF8BE40D}.Release|Any CPU.ActiveCfg = Release|Any CPU
		{E6E6E015-5DD9-4678-BA0B-BB7EAF8BE40D}.Release|Any CPU.Build.0 = Release|Any CPU
		{E6E6E015-5DD9-4678-BA0B-BB7EAF8BE40D}.Release|ARM.ActiveCfg = Release|Any CPU
		{E6E6E015-5DD9-4678-BA0B-BB7EAF8BE40D}.Release|ARM.Build.0 = Release|Any CPU
		{E6E6E015-5DD9-4678-BA0B-BB7EAF8BE40D}.Release|ARM64.ActiveCfg = Release|Any CPU
		{E6E6E015-5DD9-4678-BA0B-BB7EAF8BE40D}.Release|ARM64.Build.0 = Release|Any CPU
		{E6E6E015-5DD9-4678-BA0B-BB7EAF8BE40D}.Release|x64.ActiveCfg = Release|Any CPU
		{E6E6E015-5DD9-4678-BA0B-BB7EAF8BE40D}.Release|x64.Build.0 = Release|Any CPU
		{E6E6E015-5DD9-4678-BA0B-BB7EAF8BE40D}.Release|x86.ActiveCfg = Release|Any CPU
		{E6E6E015-5DD9-4678-BA0B-BB7EAF8BE40D}.Release|x86.Build.0 = Release|Any CPU
		{DAA7C868-B62D-4C72-8B0E-0154A6D29C61}.Debug|Any CPU.ActiveCfg = Debug|Any CPU
		{DAA7C868-B62D-4C72-8B0E-0154A6D29C61}.Debug|Any CPU.Build.0 = Debug|Any CPU
		{DAA7C868-B62D-4C72-8B0E-0154A6D29C61}.Debug|ARM.ActiveCfg = Debug|Any CPU
		{DAA7C868-B62D-4C72-8B0E-0154A6D29C61}.Debug|ARM.Build.0 = Debug|Any CPU
		{DAA7C868-B62D-4C72-8B0E-0154A6D29C61}.Debug|ARM64.ActiveCfg = Debug|Any CPU
		{DAA7C868-B62D-4C72-8B0E-0154A6D29C61}.Debug|ARM64.Build.0 = Debug|Any CPU
		{DAA7C868-B62D-4C72-8B0E-0154A6D29C61}.Debug|x64.ActiveCfg = Debug|Any CPU
		{DAA7C868-B62D-4C72-8B0E-0154A6D29C61}.Debug|x64.Build.0 = Debug|Any CPU
		{DAA7C868-B62D-4C72-8B0E-0154A6D29C61}.Debug|x86.ActiveCfg = Debug|Any CPU
		{DAA7C868-B62D-4C72-8B0E-0154A6D29C61}.Debug|x86.Build.0 = Debug|Any CPU
		{DAA7C868-B62D-4C72-8B0E-0154A6D29C61}.Release|Any CPU.ActiveCfg = Release|Any CPU
		{DAA7C868-B62D-4C72-8B0E-0154A6D29C61}.Release|Any CPU.Build.0 = Release|Any CPU
		{DAA7C868-B62D-4C72-8B0E-0154A6D29C61}.Release|ARM.ActiveCfg = Release|Any CPU
		{DAA7C868-B62D-4C72-8B0E-0154A6D29C61}.Release|ARM.Build.0 = Release|Any CPU
		{DAA7C868-B62D-4C72-8B0E-0154A6D29C61}.Release|ARM64.ActiveCfg = Release|Any CPU
		{DAA7C868-B62D-4C72-8B0E-0154A6D29C61}.Release|ARM64.Build.0 = Release|Any CPU
		{DAA7C868-B62D-4C72-8B0E-0154A6D29C61}.Release|x64.ActiveCfg = Release|Any CPU
		{DAA7C868-B62D-4C72-8B0E-0154A6D29C61}.Release|x64.Build.0 = Release|Any CPU
		{DAA7C868-B62D-4C72-8B0E-0154A6D29C61}.Release|x86.ActiveCfg = Release|Any CPU
		{DAA7C868-B62D-4C72-8B0E-0154A6D29C61}.Release|x86.Build.0 = Release|Any CPU
		{881CE622-7483-4F15-8A67-35ADB16FDE7E}.Debug|Any CPU.ActiveCfg = Debug|Any CPU
		{881CE622-7483-4F15-8A67-35ADB16FDE7E}.Debug|Any CPU.Build.0 = Debug|Any CPU
		{881CE622-7483-4F15-8A67-35ADB16FDE7E}.Debug|ARM.ActiveCfg = Debug|Any CPU
		{881CE622-7483-4F15-8A67-35ADB16FDE7E}.Debug|ARM.Build.0 = Debug|Any CPU
		{881CE622-7483-4F15-8A67-35ADB16FDE7E}.Debug|ARM64.ActiveCfg = Debug|Any CPU
		{881CE622-7483-4F15-8A67-35ADB16FDE7E}.Debug|ARM64.Build.0 = Debug|Any CPU
		{881CE622-7483-4F15-8A67-35ADB16FDE7E}.Debug|x64.ActiveCfg = Debug|Any CPU
		{881CE622-7483-4F15-8A67-35ADB16FDE7E}.Debug|x64.Build.0 = Debug|Any CPU
		{881CE622-7483-4F15-8A67-35ADB16FDE7E}.Debug|x86.ActiveCfg = Debug|Any CPU
		{881CE622-7483-4F15-8A67-35ADB16FDE7E}.Debug|x86.Build.0 = Debug|Any CPU
		{881CE622-7483-4F15-8A67-35ADB16FDE7E}.Release|Any CPU.ActiveCfg = Release|Any CPU
		{881CE622-7483-4F15-8A67-35ADB16FDE7E}.Release|Any CPU.Build.0 = Release|Any CPU
		{881CE622-7483-4F15-8A67-35ADB16FDE7E}.Release|ARM.ActiveCfg = Release|Any CPU
		{881CE622-7483-4F15-8A67-35ADB16FDE7E}.Release|ARM.Build.0 = Release|Any CPU
		{881CE622-7483-4F15-8A67-35ADB16FDE7E}.Release|ARM64.ActiveCfg = Release|Any CPU
		{881CE622-7483-4F15-8A67-35ADB16FDE7E}.Release|ARM64.Build.0 = Release|Any CPU
		{881CE622-7483-4F15-8A67-35ADB16FDE7E}.Release|x64.ActiveCfg = Release|Any CPU
		{881CE622-7483-4F15-8A67-35ADB16FDE7E}.Release|x64.Build.0 = Release|Any CPU
		{881CE622-7483-4F15-8A67-35ADB16FDE7E}.Release|x86.ActiveCfg = Release|Any CPU
		{881CE622-7483-4F15-8A67-35ADB16FDE7E}.Release|x86.Build.0 = Release|Any CPU
		{3FB77534-DB07-4DF2-B690-2B683BE48665}.Debug|Any CPU.ActiveCfg = Debug|Any CPU
		{3FB77534-DB07-4DF2-B690-2B683BE48665}.Debug|Any CPU.Build.0 = Debug|Any CPU
		{3FB77534-DB07-4DF2-B690-2B683BE48665}.Debug|ARM.ActiveCfg = Debug|Any CPU
		{3FB77534-DB07-4DF2-B690-2B683BE48665}.Debug|ARM.Build.0 = Debug|Any CPU
		{3FB77534-DB07-4DF2-B690-2B683BE48665}.Debug|ARM64.ActiveCfg = Debug|Any CPU
		{3FB77534-DB07-4DF2-B690-2B683BE48665}.Debug|ARM64.Build.0 = Debug|Any CPU
		{3FB77534-DB07-4DF2-B690-2B683BE48665}.Debug|x64.ActiveCfg = Debug|Any CPU
		{3FB77534-DB07-4DF2-B690-2B683BE48665}.Debug|x64.Build.0 = Debug|Any CPU
		{3FB77534-DB07-4DF2-B690-2B683BE48665}.Debug|x86.ActiveCfg = Debug|Any CPU
		{3FB77534-DB07-4DF2-B690-2B683BE48665}.Debug|x86.Build.0 = Debug|Any CPU
		{3FB77534-DB07-4DF2-B690-2B683BE48665}.Release|Any CPU.ActiveCfg = Release|Any CPU
		{3FB77534-DB07-4DF2-B690-2B683BE48665}.Release|Any CPU.Build.0 = Release|Any CPU
		{3FB77534-DB07-4DF2-B690-2B683BE48665}.Release|ARM.ActiveCfg = Release|Any CPU
		{3FB77534-DB07-4DF2-B690-2B683BE48665}.Release|ARM.Build.0 = Release|Any CPU
		{3FB77534-DB07-4DF2-B690-2B683BE48665}.Release|ARM64.ActiveCfg = Release|Any CPU
		{3FB77534-DB07-4DF2-B690-2B683BE48665}.Release|ARM64.Build.0 = Release|Any CPU
		{3FB77534-DB07-4DF2-B690-2B683BE48665}.Release|x64.ActiveCfg = Release|Any CPU
		{3FB77534-DB07-4DF2-B690-2B683BE48665}.Release|x64.Build.0 = Release|Any CPU
		{3FB77534-DB07-4DF2-B690-2B683BE48665}.Release|x86.ActiveCfg = Release|Any CPU
		{3FB77534-DB07-4DF2-B690-2B683BE48665}.Release|x86.Build.0 = Release|Any CPU
	EndGlobalSection
	GlobalSection(SolutionProperties) = preSolution
		HideSolutionNode = FALSE
	EndGlobalSection
	GlobalSection(ExtensibilityGlobals) = postSolution
		SolutionGuid = {3C39D167-DCE5-4DA8-819A-55FD93A1C556}
	EndGlobalSection
EndGlobal
